
Microsoft Visual Studio Solution File, Format Version 12.00
# Visual Studio Version 16
VisualStudioVersion = 16.0.31624.102
MinimumVisualStudioVersion = 10.0.40219.1
Project("{FAE04EC0-301F-11D3-BF4B-00C04F79EFBC}") = "ConsoleApp1", "ConsoleApp1\ConsoleApp1.csproj", "{CBDE6CC8-B1CD-4853-BBE0-AD72C65DB2DA}"
EndProject
Global
	GlobalSection(SolutionConfigurationPlatforms) = preSolution
		Debug|Any CPU = Debug|Any CPU
		Release|Any CPU = Release|Any CPU
	EndGlobalSection
	GlobalSection(ProjectConfigurationPlatforms) = postSolution
		{CBDE6CC8-B1CD-4853-BBE0-AD72C65DB2DA}.Debug|Any CPU.ActiveCfg = Debug|Any CPU
		{CBDE6CC8-B1CD-4853-BBE0-AD72C65DB2DA}.Debug|Any CPU.Build.0 = Debug|Any CPU
		{CBDE6CC8-B1CD-4853-BBE0-AD72C65DB2DA}.Release|Any CPU.ActiveCfg = Release|Any CPU
		{CBDE6CC8-B1CD-4853-BBE0-AD72C65DB2DA}.Release|Any CPU.Build.0 = Release|Any CPU
	EndGlobalSection
	GlobalSection(SolutionProperties) = preSolution
		HideSolutionNode = FALSE
	EndGlobalSection
	GlobalSection(ExtensibilityGlobals) = postSolution
		SolutionGuid = {6F6D5988-5461-4C49-B5D5-D76096C18062}
	EndGlobalSection
EndGlobal
